{
  "name": "demo",
  "version": "1.0.0",
  "lockfileVersion": 3,
  "requires": true,
  "packages": {
    "": {
      "name": "demo",
      "version": "1.0.0",
      "license": "ISC",
      "devDependencies": {
        "@rksan/kintone-type": "file:../rksan-kintone-type-0.0.1.tgz"
      }
    },
    "node_modules/@rksan/kintone-type": {
      "version": "0.0.1",
      "resolved": "file:../rksan-kintone-type-0.0.1.tgz",
      "integrity": "sha512-GQhE6xH/Taj2QaSZ8R/2TAa6LI9I12xs2kNNu4PzpxAGeeQpN5E/dAFOFdeLT3DCakD5ePxmQ+4N2DpFYphvbA==",
      "dev": true
    }
  }
}
